
Microsoft Visual Studio Solution File, Format Version 12.00
# Visual Studio Version 17
VisualStudioVersion = 17.8.34330.188
MinimumVisualStudioVersion = 10.0.40219.1
Project("{FAE04EC0-301F-11D3-BF4B-00C04F79EFBC}") = "Dino_API_CQS", "Dino_API_CQS\Dino_API_CQS.csproj", "{656A6B8B-C01D-4AF0-A31E-C07CACA81977}"
EndProject
Project("{FAE04EC0-301F-11D3-BF4B-00C04F79EFBC}") = "Dino_API_Domain", "Dino_API_Domain\Dino_API_Domain.csproj", "{0AFE4E3E-474B-4E4E-AB7A-946EE640716B}"
EndProject
Project("{FAE04EC0-301F-11D3-BF4B-00C04F79EFBC}") = "Dino_API_Tools_CQS", "Dino_API_Tools_CQS\Dino_API_Tools_CQS.csproj", "{1ACA3566-1275-442B-84F6-D9F6043B1C22}"
EndProject
Global
	GlobalSection(SolutionConfigurationPlatforms) = preSolution
		Debug|Any CPU = Debug|Any CPU
		Release|Any CPU = Release|Any CPU
	EndGlobalSection
	GlobalSection(ProjectConfigurationPlatforms) = postSolution
		{656A6B8B-C01D-4AF0-A31E-C07CACA81977}.Debug|Any CPU.ActiveCfg = Debug|Any CPU
		{656A6B8B-C01D-4AF0-A31E-C07CACA81977}.Debug|Any CPU.Build.0 = Debug|Any CPU
		{656A6B8B-C01D-4AF0-A31E-C07CACA81977}.Release|Any CPU.ActiveCfg = Release|Any CPU
		{656A6B8B-C01D-4AF0-A31E-C07CACA81977}.Release|Any CPU.Build.0 = Release|Any CPU
		{0AFE4E3E-474B-4E4E-AB7A-946EE640716B}.Debug|Any CPU.ActiveCfg = Debug|Any CPU
		{0AFE4E3E-474B-4E4E-AB7A-946EE640716B}.Debug|Any CPU.Build.0 = Debug|Any CPU
		{0AFE4E3E-474B-4E4E-AB7A-946EE640716B}.Release|Any CPU.ActiveCfg = Release|Any CPU
		{0AFE4E3E-474B-4E4E-AB7A-946EE640716B}.Release|Any CPU.Build.0 = Release|Any CPU
		{1ACA3566-1275-442B-84F6-D9F6043B1C22}.Debug|Any CPU.ActiveCfg = Debug|Any CPU
		{1ACA3566-1275-442B-84F6-D9F6043B1C22}.Debug|Any CPU.Build.0 = Debug|Any CPU
		{1ACA3566-1275-442B-84F6-D9F6043B1C22}.Release|Any CPU.ActiveCfg = Release|Any CPU
		{1ACA3566-1275-442B-84F6-D9F6043B1C22}.Release|Any CPU.Build.0 = Release|Any CPU
	EndGlobalSection
	GlobalSection(SolutionProperties) = preSolution
		HideSolutionNode = FALSE
	EndGlobalSection
	GlobalSection(ExtensibilityGlobals) = postSolution
		SolutionGuid = {B3D88E0A-A718-4439-9F68-D9D17DBDD3F9}
	EndGlobalSection
EndGlobal
